{
  "name": "minicode-26",
  "version": "1.0.0",
  "lockfileVersion": 1,
  "requires": true,
  "dependencies": {
    "threejs-miniprogram": {
      "version": "0.0.3",
      "resolved": "https://registry.npmjs.org/threejs-miniprogram/-/threejs-miniprogram-0.0.3.tgz",
      "integrity": "sha512-4vsHYrA5ZRCelkZ6TXs7/TFIyYDcwfrT0j5E12tMLSFI4VDYsto8fhSbIRlOVmyGT6JhhIG9CqumTInmxlLM8Q=="
    }
  }
}
